
Microsoft Visual Studio Solution File, Format Version 12.00
# Visual Studio Version 17
VisualStudioVersion = 17.0.32126.317
MinimumVisualStudioVersion = 10.0.40219.1
Project("{9A19103F-16F7-4668-BE54-9A1E7A4F7556}") = "ASP-Proxy-Checker", "ASP-Proxy-Checker\ASP-Proxy-Checker.csproj", "{AB9B9A39-D9C1-4E7B-84E1-CAA817445424}"
EndProject
Global
	GlobalSection(SolutionConfigurationPlatforms) = preSolution
		Debug|Any CPU = Debug|Any CPU
		Release|Any CPU = Release|Any CPU
	EndGlobalSection
	GlobalSection(ProjectConfigurationPlatforms) = postSolution
		{AB9B9A39-D9C1-4E7B-84E1-CAA817445424}.Debug|Any CPU.ActiveCfg = Debug|Any CPU
		{AB9B9A39-D9C1-4E7B-84E1-CAA817445424}.Debug|Any CPU.Build.0 = Debug|Any CPU
		{AB9B9A39-D9C1-4E7B-84E1-CAA817445424}.Release|Any CPU.ActiveCfg = Release|Any CPU
		{AB9B9A39-D9C1-4E7B-84E1-CAA817445424}.Release|Any CPU.Build.0 = Release|Any CPU
	EndGlobalSection
	GlobalSection(SolutionProperties) = preSolution
		HideSolutionNode = FALSE
	EndGlobalSection
	GlobalSection(ExtensibilityGlobals) = postSolution
		SolutionGuid = {F47AF508-67AC-466A-B397-3AA5E3E9B9F1}
	EndGlobalSection
EndGlobal
